// !$*UTF8*$!
{
	archiveVersion = 1;
	classes = {
	};
	objectVersion = 56;
	objects = {

/* Begin PBXBuildFile section */
		CE3F7CE329EA939800DDC7DA /* FirebaseAuth in Frameworks */ = {isa = PBXBuildFile; productRef = CE3F7CE229EA939800DDC7DA /* FirebaseAuth */; };
		CE3F7CE529EA939800DDC7DA /* FirebaseFirestoreSwift in Frameworks */ = {isa = PBXBuildFile; productRef = CE3F7CE429EA939800DDC7DA /* FirebaseFirestoreSwift */; };
		CE3F7CE829EAA88E00DDC7DA /* SignInViewController.swift in Sources */ = {isa = PBXBuildFile; fileRef = CE3F7CE729EAA88E00DDC7DA /* SignInViewController.swift */; };
		CE3F7CEC29EAA8CF00DDC7DA /* SignInView.swift in Sources */ = {isa = PBXBuildFile; fileRef = CE3F7CEB29EAA8CF00DDC7DA /* SignInView.swift */; };
		CE3F7CEF29EAA8F000DDC7DA /* SignInViewViewModel.swift in Sources */ = {isa = PBXBuildFile; fileRef = CE3F7CEE29EAA8F000DDC7DA /* SignInViewViewModel.swift */; };
		CE3F7CF129EAAC2000DDC7DA /* GoogleService-Info.plist in Resources */ = {isa = PBXBuildFile; fileRef = CE3F7CF029EAAC2000DDC7DA /* GoogleService-Info.plist */; };
		CE3F7CF329EAB74B00DDC7DA /* InitialAuthViewController.swift in Sources */ = {isa = PBXBuildFile; fileRef = CE3F7CF229EAB74B00DDC7DA /* InitialAuthViewController.swift */; };
		CE3F7CF529EAB78000DDC7DA /* InitialAuthView.swift in Sources */ = {isa = PBXBuildFile; fileRef = CE3F7CF429EAB78000DDC7DA /* InitialAuthView.swift */; };
		CE3F7CF829EAD21D00DDC7DA /* Lottie in Frameworks */ = {isa = PBXBuildFile; productRef = CE3F7CF729EAD21D00DDC7DA /* Lottie */; };
		CE3F7CFA29EAD55800DDC7DA /* drink.json in Resources */ = {isa = PBXBuildFile; fileRef = CE3F7CF929EAD55800DDC7DA /* drink.json */; };
		CE3F7CFC29EB4D4000DDC7DA /* RegistrationViewController.swift in Sources */ = {isa = PBXBuildFile; fileRef = CE3F7CFB29EB4D4000DDC7DA /* RegistrationViewController.swift */; };
		CE77D05829E88EB100C2F044 /* AppDelegate.swift in Sources */ = {isa = PBXBuildFile; fileRef = CE77D05729E88EB100C2F044 /* AppDelegate.swift */; };
		CE77D05A29E88EB100C2F044 /* SceneDelegate.swift in Sources */ = {isa = PBXBuildFile; fileRef = CE77D05929E88EB100C2F044 /* SceneDelegate.swift */; };
		CE77D05C29E88EB100C2F044 /* MainViewController.swift in Sources */ = {isa = PBXBuildFile; fileRef = CE77D05B29E88EB100C2F044 /* MainViewController.swift */; };
		CE77D06129E88EB200C2F044 /* Assets.xcassets in Resources */ = {isa = PBXBuildFile; fileRef = CE77D06029E88EB200C2F044 /* Assets.xcassets */; };
		CE77D06429E88EB200C2F044 /* LaunchScreen.storyboard in Resources */ = {isa = PBXBuildFile; fileRef = CE77D06229E88EB200C2F044 /* LaunchScreen.storyboard */; };
		CE77D07929E8915700C2F044 /* OnboardingViewController.swift in Sources */ = {isa = PBXBuildFile; fileRef = CE77D07829E8915700C2F044 /* OnboardingViewController.swift */; };
		CE77D07C29E8919D00C2F044 /* OnboardingView.swift in Sources */ = {isa = PBXBuildFile; fileRef = CE77D07B29E8919D00C2F044 /* OnboardingView.swift */; };
		CE77D07E29E891D400C2F044 /* Constants.swift in Sources */ = {isa = PBXBuildFile; fileRef = CE77D07D29E891D400C2F044 /* Constants.swift */; };
		CE77D08629E8964F00C2F044 /* Raleway-Bold.ttf in Resources */ = {isa = PBXBuildFile; fileRef = CE77D08029E8964F00C2F044 /* Raleway-Bold.ttf */; };
		CE77D08729E8964F00C2F044 /* Raleway-Medium.ttf in Resources */ = {isa = PBXBuildFile; fileRef = CE77D08129E8964F00C2F044 /* Raleway-Medium.ttf */; };
		CE77D08829E8964F00C2F044 /* Poppins-SemiBold.ttf in Resources */ = {isa = PBXBuildFile; fileRef = CE77D08229E8964F00C2F044 /* Poppins-SemiBold.ttf */; };
		CE77D08929E8964F00C2F044 /* Raleway-Regular.ttf in Resources */ = {isa = PBXBuildFile; fileRef = CE77D08329E8964F00C2F044 /* Raleway-Regular.ttf */; };
		CE77D08A29E8964F00C2F044 /* Raleway-SemiBold.ttf in Resources */ = {isa = PBXBuildFile; fileRef = CE77D08429E8964F00C2F044 /* Raleway-SemiBold.ttf */; };
		CE77D08B29E8964F00C2F044 /* FREESCPT.TTF in Resources */ = {isa = PBXBuildFile; fileRef = CE77D08529E8964F00C2F044 /* FREESCPT.TTF */; };
		CE77D08D29E8A30400C2F044 /* UIView+Ext.swift in Sources */ = {isa = PBXBuildFile; fileRef = CE77D08C29E8A30400C2F044 /* UIView+Ext.swift */; };
/* End PBXBuildFile section */

/* Begin PBXFileReference section */
		CE3F7CE729EAA88E00DDC7DA /* SignInViewController.swift */ = {isa = PBXFileReference; lastKnownFileType = sourcecode.swift; path = SignInViewController.swift; sourceTree = "<group>"; };
		CE3F7CEB29EAA8CF00DDC7DA /* SignInView.swift */ = {isa = PBXFileReference; lastKnownFileType = sourcecode.swift; path = SignInView.swift; sourceTree = "<group>"; };
		CE3F7CEE29EAA8F000DDC7DA /* SignInViewViewModel.swift */ = {isa = PBXFileReference; lastKnownFileType = sourcecode.swift; path = SignInViewViewModel.swift; sourceTree = "<group>"; };
		CE3F7CF029EAAC2000DDC7DA /* GoogleService-Info.plist */ = {isa = PBXFileReference; fileEncoding = 4; lastKnownFileType = text.plist.xml; path = "GoogleService-Info.plist"; sourceTree = "<group>"; };
		CE3F7CF229EAB74B00DDC7DA /* InitialAuthViewController.swift */ = {isa = PBXFileReference; lastKnownFileType = sourcecode.swift; path = InitialAuthViewController.swift; sourceTree = "<group>"; };
		CE3F7CF429EAB78000DDC7DA /* InitialAuthView.swift */ = {isa = PBXFileReference; lastKnownFileType = sourcecode.swift; path = InitialAuthView.swift; sourceTree = "<group>"; };
		CE3F7CF929EAD55800DDC7DA /* drink.json */ = {isa = PBXFileReference; fileEncoding = 4; lastKnownFileType = text.json; path = drink.json; sourceTree = "<group>"; };
		CE3F7CFB29EB4D4000DDC7DA /* RegistrationViewController.swift */ = {isa = PBXFileReference; lastKnownFileType = sourcecode.swift; path = RegistrationViewController.swift; sourceTree = "<group>"; };
		CE77D05429E88EB100C2F044 /* Drinko.app */ = {isa = PBXFileReference; explicitFileType = wrapper.application; includeInIndex = 0; path = Drinko.app; sourceTree = BUILT_PRODUCTS_DIR; };
		CE77D05729E88EB100C2F044 /* AppDelegate.swift */ = {isa = PBXFileReference; lastKnownFileType = sourcecode.swift; path = AppDelegate.swift; sourceTree = "<group>"; };
		CE77D05929E88EB100C2F044 /* SceneDelegate.swift */ = {isa = PBXFileReference; lastKnownFileType = sourcecode.swift; path = SceneDelegate.swift; sourceTree = "<group>"; };
		CE77D05B29E88EB100C2F044 /* MainViewController.swift */ = {isa = PBXFileReference; lastKnownFileType = sourcecode.swift; path = MainViewController.swift; sourceTree = "<group>"; };
		CE77D06029E88EB200C2F044 /* Assets.xcassets */ = {isa = PBXFileReference; lastKnownFileType = folder.assetcatalog; path = Assets.xcassets; sourceTree = "<group>"; };
		CE77D06329E88EB200C2F044 /* Base */ = {isa = PBXFileReference; lastKnownFileType = file.storyboard; name = Base; path = Base.lproj/LaunchScreen.storyboard; sourceTree = "<group>"; };
		CE77D06529E88EB200C2F044 /* Info.plist */ = {isa = PBXFileReference; lastKnownFileType = text.plist.xml; path = Info.plist; sourceTree = "<group>"; };
		CE77D07829E8915700C2F044 /* OnboardingViewController.swift */ = {isa = PBXFileReference; lastKnownFileType = sourcecode.swift; path = OnboardingViewController.swift; sourceTree = "<group>"; };
		CE77D07B29E8919D00C2F044 /* OnboardingView.swift */ = {isa = PBXFileReference; lastKnownFileType = sourcecode.swift; path = OnboardingView.swift; sourceTree = "<group>"; };
		CE77D07D29E891D400C2F044 /* Constants.swift */ = {isa = PBXFileReference; lastKnownFileType = sourcecode.swift; path = Constants.swift; sourceTree = "<group>"; };
		CE77D08029E8964F00C2F044 /* Raleway-Bold.ttf */ = {isa = PBXFileReference; lastKnownFileType = file; path = "Raleway-Bold.ttf"; sourceTree = "<group>"; };
		CE77D08129E8964F00C2F044 /* Raleway-Medium.ttf */ = {isa = PBXFileReference; lastKnownFileType = file; path = "Raleway-Medium.ttf"; sourceTree = "<group>"; };
		CE77D08229E8964F00C2F044 /* Poppins-SemiBold.ttf */ = {isa = PBXFileReference; lastKnownFileType = file; path = "Poppins-SemiBold.ttf"; sourceTree = "<group>"; };
		CE77D08329E8964F00C2F044 /* Raleway-Regular.ttf */ = {isa = PBXFileReference; lastKnownFileType = file; path = "Raleway-Regular.ttf"; sourceTree = "<group>"; };
		CE77D08429E8964F00C2F044 /* Raleway-SemiBold.ttf */ = {isa = PBXFileReference; lastKnownFileType = file; path = "Raleway-SemiBold.ttf"; sourceTree = "<group>"; };
		CE77D08529E8964F00C2F044 /* FREESCPT.TTF */ = {isa = PBXFileReference; lastKnownFileType = file; path = FREESCPT.TTF; sourceTree = "<group>"; };
		CE77D08C29E8A30400C2F044 /* UIView+Ext.swift */ = {isa = PBXFileReference; lastKnownFileType = sourcecode.swift; path = "UIView+Ext.swift"; sourceTree = "<group>"; };
/* End PBXFileReference section */

/* Begin PBXFrameworksBuildPhase section */
		CE77D05129E88EB100C2F044 /* Frameworks */ = {
			isa = PBXFrameworksBuildPhase;
			buildActionMask = 2147483647;
			files = (
				CE3F7CE329EA939800DDC7DA /* FirebaseAuth in Frameworks */,
				CE3F7CE529EA939800DDC7DA /* FirebaseFirestoreSwift in Frameworks */,
				CE3F7CF829EAD21D00DDC7DA /* Lottie in Frameworks */,
			);
			runOnlyForDeploymentPostprocessing = 0;
		};
/* End PBXFrameworksBuildPhase section */

/* Begin PBXGroup section */
		CE3F7CE629EAA87C00DDC7DA /* Auth */ = {
			isa = PBXGroup;
			children = (
				CE3F7CE729EAA88E00DDC7DA /* SignInViewController.swift */,
				CE3F7CF229EAB74B00DDC7DA /* InitialAuthViewController.swift */,
				CE3F7CFB29EB4D4000DDC7DA /* RegistrationViewController.swift */,
			);
			path = Auth;
			sourceTree = "<group>";
		};
		CE3F7CE929EAA8A500DDC7DA /* Auth */ = {
			isa = PBXGroup;
			children = (
				CE3F7CEA29EAA8AE00DDC7DA /* SignIn */,
				CE3F7CF429EAB78000DDC7DA /* InitialAuthView.swift */,
			);
			path = Auth;
			sourceTree = "<group>";
		};
		CE3F7CEA29EAA8AE00DDC7DA /* SignIn */ = {
			isa = PBXGroup;
			children = (
				CE3F7CEB29EAA8CF00DDC7DA /* SignInView.swift */,
			);
			path = SignIn;
			sourceTree = "<group>";
		};
		CE3F7CED29EAA8D800DDC7DA /* Auth */ = {
			isa = PBXGroup;
			children = (
				CE3F7CEE29EAA8F000DDC7DA /* SignInViewViewModel.swift */,
			);
			path = Auth;
			sourceTree = "<group>";
		};
		CE77D04B29E88EB100C2F044 = {
			isa = PBXGroup;
			children = (
				CE77D05629E88EB100C2F044 /* Drinko */,
				CE77D05529E88EB100C2F044 /* Products */,
			);
			sourceTree = "<group>";
		};
		CE77D05529E88EB100C2F044 /* Products */ = {
			isa = PBXGroup;
			children = (
				CE77D05429E88EB100C2F044 /* Drinko.app */,
			);
			name = Products;
			sourceTree = "<group>";
		};
		CE77D05629E88EB100C2F044 /* Drinko */ = {
			isa = PBXGroup;
			children = (
				CE77D07F29E8963900C2F044 /* Fonts */,
				CE77D07629E88FA000C2F044 /* API */,
				CE77D07529E88F9400C2F044 /* Managers */,
				CE77D07429E88F7E00C2F044 /* Extensions */,
				CE77D07329E88F7400C2F044 /* ViewModels */,
				CE77D07229E88F6D00C2F044 /* Views */,
				CE77D07129E88F6500C2F044 /* Models */,
				CE77D07029E88F5800C2F044 /* Controllers */,
				CE77D06C29E88F0200C2F044 /* Resources */,
				CE77D07D29E891D400C2F044 /* Constants.swift */,
			);
			path = Drinko;
			sourceTree = "<group>";
		};
		CE77D06C29E88F0200C2F044 /* Resources */ = {
			isa = PBXGroup;
			children = (
				CE3F7CF929EAD55800DDC7DA /* drink.json */,
				CE3F7CF029EAAC2000DDC7DA /* GoogleService-Info.plist */,
				CE77D05729E88EB100C2F044 /* AppDelegate.swift */,
				CE77D05929E88EB100C2F044 /* SceneDelegate.swift */,
				CE77D06029E88EB200C2F044 /* Assets.xcassets */,
				CE77D06229E88EB200C2F044 /* LaunchScreen.storyboard */,
				CE77D06529E88EB200C2F044 /* Info.plist */,
			);
			name = Resources;
			sourceTree = "<group>";
		};
		CE77D07029E88F5800C2F044 /* Controllers */ = {
			isa = PBXGroup;
			children = (
				CE3F7CE629EAA87C00DDC7DA /* Auth */,
				CE77D07729E8911F00C2F044 /* Core */,
			);
			path = Controllers;
			sourceTree = "<group>";
		};
		CE77D07129E88F6500C2F044 /* Models */ = {
			isa = PBXGroup;
			children = (
			);
			path = Models;
			sourceTree = "<group>";
		};
		CE77D07229E88F6D00C2F044 /* Views */ = {
			isa = PBXGroup;
			children = (
				CE3F7CE929EAA8A500DDC7DA /* Auth */,
				CE77D07A29E8918200C2F044 /* Onboarding */,
			);
			path = Views;
			sourceTree = "<group>";
		};
		CE77D07329E88F7400C2F044 /* ViewModels */ = {
			isa = PBXGroup;
			children = (
				CE3F7CED29EAA8D800DDC7DA /* Auth */,
			);
			path = ViewModels;
			sourceTree = "<group>";
		};
		CE77D07429E88F7E00C2F044 /* Extensions */ = {
			isa = PBXGroup;
			children = (
				CE77D08C29E8A30400C2F044 /* UIView+Ext.swift */,
			);
			path = Extensions;
			sourceTree = "<group>";
		};
		CE77D07529E88F9400C2F044 /* Managers */ = {
			isa = PBXGroup;
			children = (
			);
			path = Managers;
			sourceTree = "<group>";
		};
		CE77D07629E88FA000C2F044 /* API */ = {
			isa = PBXGroup;
			children = (
			);
			path = API;
			sourceTree = "<group>";
		};
		CE77D07729E8911F00C2F044 /* Core */ = {
			isa = PBXGroup;
			children = (
				CE77D05B29E88EB100C2F044 /* MainViewController.swift */,
				CE77D07829E8915700C2F044 /* OnboardingViewController.swift */,
			);
			path = Core;
			sourceTree = "<group>";
		};
		CE77D07A29E8918200C2F044 /* Onboarding */ = {
			isa = PBXGroup;
			children = (
				CE77D07B29E8919D00C2F044 /* OnboardingView.swift */,
			);
			path = Onboarding;
			sourceTree = "<group>";
		};
		CE77D07F29E8963900C2F044 /* Fonts */ = {
			isa = PBXGroup;
			children = (
				CE77D08529E8964F00C2F044 /* FREESCPT.TTF */,
				CE77D08229E8964F00C2F044 /* Poppins-SemiBold.ttf */,
				CE77D08029E8964F00C2F044 /* Raleway-Bold.ttf */,
				CE77D08129E8964F00C2F044 /* Raleway-Medium.ttf */,
				CE77D08329E8964F00C2F044 /* Raleway-Regular.ttf */,
				CE77D08429E8964F00C2F044 /* Raleway-SemiBold.ttf */,
			);
			path = Fonts;
			sourceTree = "<group>";
		};
/* End PBXGroup section */

/* Begin PBXNativeTarget section */
		CE77D05329E88EB100C2F044 /* Drinko */ = {
			isa = PBXNativeTarget;
			buildConfigurationList = CE77D06829E88EB200C2F044 /* Build configuration list for PBXNativeTarget "Drinko" */;
			buildPhases = (
				CE77D05029E88EB100C2F044 /* Sources */,
				CE77D05129E88EB100C2F044 /* Frameworks */,
				CE77D05229E88EB100C2F044 /* Resources */,
			);
			buildRules = (
			);
			dependencies = (
			);
			name = Drinko;
			packageProductDependencies = (
				CE3F7CE229EA939800DDC7DA /* FirebaseAuth */,
				CE3F7CE429EA939800DDC7DA /* FirebaseFirestoreSwift */,
				CE3F7CF729EAD21D00DDC7DA /* Lottie */,
			);
			productName = Drinko;
			productReference = CE77D05429E88EB100C2F044 /* Drinko.app */;
			productType = "com.apple.product-type.application";
		};
/* End PBXNativeTarget section */

/* Begin PBXProject section */
		CE77D04C29E88EB100C2F044 /* Project object */ = {
			isa = PBXProject;
			attributes = {
				BuildIndependentTargetsInParallel = 1;
				LastSwiftUpdateCheck = 1430;
				LastUpgradeCheck = 1430;
				TargetAttributes = {
					CE77D05329E88EB100C2F044 = {
						CreatedOnToolsVersion = 14.3;
					};
				};
			};
			buildConfigurationList = CE77D04F29E88EB100C2F044 /* Build configuration list for PBXProject "Drinko" */;
			compatibilityVersion = "Xcode 14.0";
			developmentRegion = en;
			hasScannedForEncodings = 0;
			knownRegions = (
				en,
				Base,
			);
			mainGroup = CE77D04B29E88EB100C2F044;
			packageReferences = (
				CE3F7CE129EA939800DDC7DA /* XCRemoteSwiftPackageReference "firebase-ios-sdk" */,
				CE3F7CF629EAD21D00DDC7DA /* XCRemoteSwiftPackageReference "lottie-ios" */,
			);
			productRefGroup = CE77D05529E88EB100C2F044 /* Products */;
			projectDirPath = "";
			projectRoot = "";
			targets = (
				CE77D05329E88EB100C2F044 /* Drinko */,
			);
		};
/* End PBXProject section */

/* Begin PBXResourcesBuildPhase section */
		CE77D05229E88EB100C2F044 /* Resources */ = {
			isa = PBXResourcesBuildPhase;
			buildActionMask = 2147483647;
			files = (
				CE3F7CFA29EAD55800DDC7DA /* drink.json in Resources */,
				CE77D08829E8964F00C2F044 /* Poppins-SemiBold.ttf in Resources */,
				CE77D08929E8964F00C2F044 /* Raleway-Regular.ttf in Resources */,
				CE3F7CF129EAAC2000DDC7DA /* GoogleService-Info.plist in Resources */,
				CE77D06429E88EB200C2F044 /* LaunchScreen.storyboard in Resources */,
				CE77D08729E8964F00C2F044 /* Raleway-Medium.ttf in Resources */,
				CE77D08B29E8964F00C2F044 /* FREESCPT.TTF in Resources */,
				CE77D08629E8964F00C2F044 /* Raleway-Bold.ttf in Resources */,
				CE77D06129E88EB200C2F044 /* Assets.xcassets in Resources */,
				CE77D08A29E8964F00C2F044 /* Raleway-SemiBold.ttf in Resources */,
			);
			runOnlyForDeploymentPostprocessing = 0;
		};
/* End PBXResourcesBuildPhase section */

/* Begin PBXSourcesBuildPhase section */
		CE77D05029E88EB100C2F044 /* Sources */ = {
			isa = PBXSourcesBuildPhase;
			buildActionMask = 2147483647;
			files = (
				CE3F7CEC29EAA8CF00DDC7DA /* SignInView.swift in Sources */,
				CE77D05C29E88EB100C2F044 /* MainViewController.swift in Sources */,
				CE77D05829E88EB100C2F044 /* AppDelegate.swift in Sources */,
				CE3F7CEF29EAA8F000DDC7DA /* SignInViewViewModel.swift in Sources */,
				CE3F7CFC29EB4D4000DDC7DA /* RegistrationViewController.swift in Sources */,
				CE3F7CF329EAB74B00DDC7DA /* InitialAuthViewController.swift in Sources */,
				CE77D05A29E88EB100C2F044 /* SceneDelegate.swift in Sources */,
				CE77D07C29E8919D00C2F044 /* OnboardingView.swift in Sources */,
				CE3F7CF529EAB78000DDC7DA /* InitialAuthView.swift in Sources */,
				CE3F7CE829EAA88E00DDC7DA /* SignInViewController.swift in Sources */,
				CE77D08D29E8A30400C2F044 /* UIView+Ext.swift in Sources */,
				CE77D07929E8915700C2F044 /* OnboardingViewController.swift in Sources */,
				CE77D07E29E891D400C2F044 /* Constants.swift in Sources */,
			);
			runOnlyForDeploymentPostprocessing = 0;
		};
/* End PBXSourcesBuildPhase section */

/* Begin PBXVariantGroup section */
		CE77D06229E88EB200C2F044 /* LaunchScreen.storyboard */ = {
			isa = PBXVariantGroup;
			children = (
				CE77D06329E88EB200C2F044 /* Base */,
			);
			name = LaunchScreen.storyboard;
			sourceTree = "<group>";
		};
/* End PBXVariantGroup section */

/* Begin XCBuildConfiguration section */
		CE77D06629E88EB200C2F044 /* Debug */ = {
			isa = XCBuildConfiguration;
			buildSettings = {
				ALWAYS_SEARCH_USER_PATHS = NO;
				CLANG_ANALYZER_NONNULL = YES;
				CLANG_ANALYZER_NUMBER_OBJECT_CONVERSION = YES_AGGRESSIVE;
				CLANG_CXX_LANGUAGE_STANDARD = "gnu++20";
				CLANG_ENABLE_MODULES = YES;
				CLANG_ENABLE_OBJC_ARC = YES;
				CLANG_ENABLE_OBJC_WEAK = YES;
				CLANG_WARN_BLOCK_CAPTURE_AUTORELEASING = YES;
				CLANG_WARN_BOOL_CONVERSION = YES;
				CLANG_WARN_COMMA = YES;
				CLANG_WARN_CONSTANT_CONVERSION = YES;
				CLANG_WARN_DEPRECATED_OBJC_IMPLEMENTATIONS = YES;
				CLANG_WARN_DIRECT_OBJC_ISA_USAGE = YES_ERROR;
				CLANG_WARN_DOCUMENTATION_COMMENTS = YES;
				CLANG_WARN_EMPTY_BODY = YES;
				CLANG_WARN_ENUM_CONVERSION = YES;
				CLANG_WARN_INFINITE_RECURSION = YES;
				CLANG_WARN_INT_CONVERSION = YES;
				CLANG_WARN_NON_LITERAL_NULL_CONVERSION = YES;
				CLANG_WARN_OBJC_IMPLICIT_RETAIN_SELF = YES;
				CLANG_WARN_OBJC_LITERAL_CONVERSION = YES;
				CLANG_WARN_OBJC_ROOT_CLASS = YES_ERROR;
				CLANG_WARN_QUOTED_INCLUDE_IN_FRAMEWORK_HEADER = YES;
				CLANG_WARN_RANGE_LOOP_ANALYSIS = YES;
				CLANG_WARN_STRICT_PROTOTYPES = YES;
				CLANG_WARN_SUSPICIOUS_MOVE = YES;
				CLANG_WARN_UNGUARDED_AVAILABILITY = YES_AGGRESSIVE;
				CLANG_WARN_UNREACHABLE_CODE = YES;
				CLANG_WARN__DUPLICATE_METHOD_MATCH = YES;
				COPY_PHASE_STRIP = NO;
				DEBUG_INFORMATION_FORMAT = dwarf;
				ENABLE_STRICT_OBJC_MSGSEND = YES;
				ENABLE_TESTABILITY = YES;
				GCC_C_LANGUAGE_STANDARD = gnu11;
				GCC_DYNAMIC_NO_PIC = NO;
				GCC_NO_COMMON_BLOCKS = YES;
				GCC_OPTIMIZATION_LEVEL = 0;
				GCC_PREPROCESSOR_DEFINITIONS = (
					"DEBUG=1",
					"$(inherited)",
				);
				GCC_WARN_64_TO_32_BIT_CONVERSION = YES;
				GCC_WARN_ABOUT_RETURN_TYPE = YES_ERROR;
				GCC_WARN_UNDECLARED_SELECTOR = YES;
				GCC_WARN_UNINITIALIZED_AUTOS = YES_AGGRESSIVE;
				GCC_WARN_UNUSED_FUNCTION = YES;
				GCC_WARN_UNUSED_VARIABLE = YES;
				IPHONEOS_DEPLOYMENT_TARGET = 16.4;
				MTL_ENABLE_DEBUG_INFO = INCLUDE_SOURCE;
				MTL_FAST_MATH = YES;
				ONLY_ACTIVE_ARCH = YES;
				SDKROOT = iphoneos;
				SWIFT_ACTIVE_COMPILATION_CONDITIONS = DEBUG;
				SWIFT_OPTIMIZATION_LEVEL = "-Onone";
			};
			name = Debug;
		};
		CE77D06729E88EB200C2F044 /* Release */ = {
			isa = XCBuildConfiguration;
			buildSettings = {
				ALWAYS_SEARCH_USER_PATHS = NO;
				CLANG_ANALYZER_NONNULL = YES;
				CLANG_ANALYZER_NUMBER_OBJECT_CONVERSION = YES_AGGRESSIVE;
				CLANG_CXX_LANGUAGE_STANDARD = "gnu++20";
				CLANG_ENABLE_MODULES = YES;
				CLANG_ENABLE_OBJC_ARC = YES;
				CLANG_ENABLE_OBJC_WEAK = YES;
				CLANG_WARN_BLOCK_CAPTURE_AUTORELEASING = YES;
				CLANG_WARN_BOOL_CONVERSION = YES;
				CLANG_WARN_COMMA = YES;
				CLANG_WARN_CONSTANT_CONVERSION = YES;
				CLANG_WARN_DEPRECATED_OBJC_IMPLEMENTATIONS = YES;
				CLANG_WARN_DIRECT_OBJC_ISA_USAGE = YES_ERROR;
				CLANG_WARN_DOCUMENTATION_COMMENTS = YES;
				CLANG_WARN_EMPTY_BODY = YES;
				CLANG_WARN_ENUM_CONVERSION = YES;
				CLANG_WARN_INFINITE_RECURSION = YES;
				CLANG_WARN_INT_CONVERSION = YES;
				CLANG_WARN_NON_LITERAL_NULL_CONVERSION = YES;
				CLANG_WARN_OBJC_IMPLICIT_RETAIN_SELF = YES;
				CLANG_WARN_OBJC_LITERAL_CONVERSION = YES;
				CLANG_WARN_OBJC_ROOT_CLASS = YES_ERROR;
				CLANG_WARN_QUOTED_INCLUDE_IN_FRAMEWORK_HEADER = YES;
				CLANG_WARN_RANGE_LOOP_ANALYSIS = YES;
				CLANG_WARN_STRICT_PROTOTYPES = YES;
				CLANG_WARN_SUSPICIOUS_MOVE = YES;
				CLANG_WARN_UNGUARDED_AVAILABILITY = YES_AGGRESSIVE;
				CLANG_WARN_UNREACHABLE_CODE = YES;
				CLANG_WARN__DUPLICATE_METHOD_MATCH = YES;
				COPY_PHASE_STRIP = NO;
				DEBUG_INFORMATION_FORMAT = "dwarf-with-dsym";
				ENABLE_NS_ASSERTIONS = NO;
				ENABLE_STRICT_OBJC_MSGSEND = YES;
				GCC_C_LANGUAGE_STANDARD = gnu11;
				GCC_NO_COMMON_BLOCKS = YES;
				GCC_WARN_64_TO_32_BIT_CONVERSION = YES;
				GCC_WARN_ABOUT_RETURN_TYPE = YES_ERROR;
				GCC_WARN_UNDECLARED_SELECTOR = YES;
				GCC_WARN_UNINITIALIZED_AUTOS = YES_AGGRESSIVE;
				GCC_WARN_UNUSED_FUNCTION = YES;
				GCC_WARN_UNUSED_VARIABLE = YES;
				IPHONEOS_DEPLOYMENT_TARGET = 16.4;
				MTL_ENABLE_DEBUG_INFO = NO;
				MTL_FAST_MATH = YES;
				SDKROOT = iphoneos;
				SWIFT_COMPILATION_MODE = wholemodule;
				SWIFT_OPTIMIZATION_LEVEL = "-O";
				VALIDATE_PRODUCT = YES;
			};
			name = Release;
		};
		CE77D06929E88EB200C2F044 /* Debug */ = {
			isa = XCBuildConfiguration;
			buildSettings = {
				ASSETCATALOG_COMPILER_APPICON_NAME = AppIcon;
				ASSETCATALOG_COMPILER_GLOBAL_ACCENT_COLOR_NAME = AccentColor;
				CODE_SIGN_STYLE = Automatic;
				CURRENT_PROJECT_VERSION = 1;
				DEVELOPMENT_TEAM = BQAGCV9J3L;
				GENERATE_INFOPLIST_FILE = YES;
				INFOPLIST_FILE = Drinko/Info.plist;
				INFOPLIST_KEY_UIApplicationSupportsIndirectInputEvents = YES;
				INFOPLIST_KEY_UILaunchStoryboardName = LaunchScreen;
				INFOPLIST_KEY_UISupportedInterfaceOrientations = UIInterfaceOrientationPortrait;
				LD_RUNPATH_SEARCH_PATHS = (
					"$(inherited)",
					"@executable_path/Frameworks",
				);
				MARKETING_VERSION = 1.0;
				PRODUCT_BUNDLE_IDENTIFIER = co.asone.Drinko;
				PRODUCT_NAME = "$(TARGET_NAME)";
				SWIFT_EMIT_LOC_STRINGS = YES;
				SWIFT_VERSION = 5.0;
				TARGETED_DEVICE_FAMILY = "1,2";
			};
			name = Debug;
		};
		CE77D06A29E88EB200C2F044 /* Release */ = {
			isa = XCBuildConfiguration;
			buildSettings = {
				ASSETCATALOG_COMPILER_APPICON_NAME = AppIcon;
				ASSETCATALOG_COMPILER_GLOBAL_ACCENT_COLOR_NAME = AccentColor;
				CODE_SIGN_STYLE = Automatic;
				CURRENT_PROJECT_VERSION = 1;
				DEVELOPMENT_TEAM = BQAGCV9J3L;
				GENERATE_INFOPLIST_FILE = YES;
				INFOPLIST_FILE = Drinko/Info.plist;
				INFOPLIST_KEY_UIApplicationSupportsIndirectInputEvents = YES;
				INFOPLIST_KEY_UILaunchStoryboardName = LaunchScreen;
				INFOPLIST_KEY_UISupportedInterfaceOrientations = UIInterfaceOrientationPortrait;
				LD_RUNPATH_SEARCH_PATHS = (
					"$(inherited)",
					"@executable_path/Frameworks",
				);
				MARKETING_VERSION = 1.0;
				PRODUCT_BUNDLE_IDENTIFIER = co.asone.Drinko;
				PRODUCT_NAME = "$(TARGET_NAME)";
				SWIFT_EMIT_LOC_STRINGS = YES;
				SWIFT_VERSION = 5.0;
				TARGETED_DEVICE_FAMILY = "1,2";
			};
			name = Release;
		};
/* End XCBuildConfiguration section */

/* Begin XCConfigurationList section */
		CE77D04F29E88EB100C2F044 /* Build configuration list for PBXProject "Drinko" */ = {
			isa = XCConfigurationList;
			buildConfigurations = (
				CE77D06629E88EB200C2F044 /* Debug */,
				CE77D06729E88EB200C2F044 /* Release */,
			);
			defaultConfigurationIsVisible = 0;
			defaultConfigurationName = Release;
		};
		CE77D06829E88EB200C2F044 /* Build configuration list for PBXNativeTarget "Drinko" */ = {
			isa = XCConfigurationList;
			buildConfigurations = (
				CE77D06929E88EB200C2F044 /* Debug */,
				CE77D06A29E88EB200C2F044 /* Release */,
			);
			defaultConfigurationIsVisible = 0;
			defaultConfigurationName = Release;
		};
/* End XCConfigurationList section */

/* Begin XCRemoteSwiftPackageReference section */
		CE3F7CE129EA939800DDC7DA /* XCRemoteSwiftPackageReference "firebase-ios-sdk" */ = {
			isa = XCRemoteSwiftPackageReference;
			repositoryURL = "https://github.com/firebase/firebase-ios-sdk.git";
			requirement = {
				kind = upToNextMajorVersion;
				minimumVersion = 10.0.0;
			};
		};
		CE3F7CF629EAD21D00DDC7DA /* XCRemoteSwiftPackageReference "lottie-ios" */ = {
			isa = XCRemoteSwiftPackageReference;
			repositoryURL = "https://github.com/airbnb/lottie-ios.git";
			requirement = {
				kind = upToNextMajorVersion;
				minimumVersion = 4.0.0;
			};
		};
/* End XCRemoteSwiftPackageReference section */

/* Begin XCSwiftPackageProductDependency section */
		CE3F7CE229EA939800DDC7DA /* FirebaseAuth */ = {
			isa = XCSwiftPackageProductDependency;
			package = CE3F7CE129EA939800DDC7DA /* XCRemoteSwiftPackageReference "firebase-ios-sdk" */;
			productName = FirebaseAuth;
		};
		CE3F7CE429EA939800DDC7DA /* FirebaseFirestoreSwift */ = {
			isa = XCSwiftPackageProductDependency;
			package = CE3F7CE129EA939800DDC7DA /* XCRemoteSwiftPackageReference "firebase-ios-sdk" */;
			productName = FirebaseFirestoreSwift;
		};
		CE3F7CF729EAD21D00DDC7DA /* Lottie */ = {
			isa = XCSwiftPackageProductDependency;
			package = CE3F7CF629EAD21D00DDC7DA /* XCRemoteSwiftPackageReference "lottie-ios" */;
			productName = Lottie;
		};
/* End XCSwiftPackageProductDependency section */
	};
	rootObject = CE77D04C29E88EB100C2F044 /* Project object */;
}
